// !$*UTF8*$!
{
	archiveVersion = 1;
	classes = {
	};
	objectVersion = 46;
	objects = {

/* Begin PBXBuildFile section */
		A3BE08261B3A3A74008DBB52 /* AppDelegate.swift in Sources */ = {isa = PBXBuildFile; fileRef = A3BE08251B3A3A74008DBB52 /* AppDelegate.swift */; };
		A3BE08281B3A3A74008DBB52 /* ViewController.swift in Sources */ = {isa = PBXBuildFile; fileRef = A3BE08271B3A3A74008DBB52 /* ViewController.swift */; };
		A3BE082B1B3A3A74008DBB52 /* Main.storyboard in Resources */ = {isa = PBXBuildFile; fileRef = A3BE08291B3A3A74008DBB52 /* Main.storyboard */; };
		A3BE082D1B3A3A74008DBB52 /* Images.xcassets in Resources */ = {isa = PBXBuildFile; fileRef = A3BE082C1B3A3A74008DBB52 /* Images.xcassets */; };
		A3BE08301B3A3A74008DBB52 /* LaunchScreen.xib in Resources */ = {isa = PBXBuildFile; fileRef = A3BE082E1B3A3A74008DBB52 /* LaunchScreen.xib */; };
		A3BE083C1B3A3A74008DBB52 /* readerQuickTests.swift in Sources */ = {isa = PBXBuildFile; fileRef = A3BE083B1B3A3A74008DBB52 /* readerQuickTests.swift */; };
/* End PBXBuildFile section */

/* Begin PBXContainerItemProxy section */
		A3BE08361B3A3A74008DBB52 /* PBXContainerItemProxy */ = {
			isa = PBXContainerItemProxy;
			containerPortal = A3BE08181B3A3A73008DBB52 /* Project object */;
			proxyType = 1;
			remoteGlobalIDString = A3BE081F1B3A3A73008DBB52;
			remoteInfo = readerQuick;
		};
/* End PBXContainerItemProxy section */

/* Begin PBXFileReference section */
		A3BE08201B3A3A73008DBB52 /* readerQuick.app */ = {isa = PBXFileReference; explicitFileType = wrapper.application; includeInIndex = 0; path = readerQuick.app; sourceTree = BUILT_PRODUCTS_DIR; };
		A3BE08241B3A3A74008DBB52 /* Info.plist */ = {isa = PBXFileReference; lastKnownFileType = text.plist.xml; path = Info.plist; sourceTree = "<group>"; };
		A3BE08251B3A3A74008DBB52 /* AppDelegate.swift */ = {isa = PBXFileReference; lastKnownFileType = sourcecode.swift; path = AppDelegate.swift; sourceTree = "<group>"; };
		A3BE08271B3A3A74008DBB52 /* ViewController.swift */ = {isa = PBXFileReference; lastKnownFileType = sourcecode.swift; path = ViewController.swift; sourceTree = "<group>"; };
		A3BE082A1B3A3A74008DBB52 /* Base */ = {isa = PBXFileReference; lastKnownFileType = file.storyboard; name = Base; path = Base.lproj/Main.storyboard; sourceTree = "<group>"; };
		A3BE082C1B3A3A74008DBB52 /* Images.xcassets */ = {isa = PBXFileReference; lastKnownFileType = folder.assetcatalog; path = Images.xcassets; sourceTree = "<group>"; };
		A3BE082F1B3A3A74008DBB52 /* Base */ = {isa = PBXFileReference; lastKnownFileType = file.xib; name = Base; path = Base.lproj/LaunchScreen.xib; sourceTree = "<group>"; };
		A3BE08351B3A3A74008DBB52 /* readerQuickTests.xctest */ = {isa = PBXFileReference; explicitFileType = wrapper.cfbundle; includeInIndex = 0; path = readerQuickTests.xctest; sourceTree = BUILT_PRODUCTS_DIR; };
		A3BE083A1B3A3A74008DBB52 /* Info.plist */ = {isa = PBXFileReference; lastKnownFileType = text.plist.xml; path = Info.plist; sourceTree = "<group>"; };
		A3BE083B1B3A3A74008DBB52 /* readerQuickTests.swift */ = {isa = PBXFileReference; lastKnownFileType = sourcecode.swift; path = readerQuickTests.swift; sourceTree = "<group>"; };
/* End PBXFileReference section */

/* Begin PBXFrameworksBuildPhase section */
		A3BE081D1B3A3A73008DBB52 /* Frameworks */ = {
			isa = PBXFrameworksBuildPhase;
			buildActionMask = 2147483647;
			files = (
			);
			runOnlyForDeploymentPostprocessing = 0;
		};
		A3BE08321B3A3A74008DBB52 /* Frameworks */ = {
			isa = PBXFrameworksBuildPhase;
			buildActionMask = 2147483647;
			files = (
			);
			runOnlyForDeploymentPostprocessing = 0;
		};
/* End PBXFrameworksBuildPhase section */

/* Begin PBXGroup section */
		A3BE08171B3A3A73008DBB52 = {
			isa = PBXGroup;
			children = (
				A3BE08221B3A3A73008DBB52 /* readerQuick */,
				A3BE08381B3A3A74008DBB52 /* readerQuickTests */,
				A3BE08211B3A3A73008DBB52 /* Products */,
			);
			sourceTree = "<group>";
		};
		A3BE08211B3A3A73008DBB52 /* Products */ = {
			isa = PBXGroup;
			children = (
				A3BE08201B3A3A73008DBB52 /* readerQuick.app */,
				A3BE08351B3A3A74008DBB52 /* readerQuickTests.xctest */,
			);
			name = Products;
			sourceTree = "<group>";
		};
		A3BE08221B3A3A73008DBB52 /* readerQuick */ = {
			isa = PBXGroup;
			children = (
				A3BE08251B3A3A74008DBB52 /* AppDelegate.swift */,
				A3BE08271B3A3A74008DBB52 /* ViewController.swift */,
				A3BE08291B3A3A74008DBB52 /* Main.storyboard */,
				A3BE082C1B3A3A74008DBB52 /* Images.xcassets */,
				A3BE082E1B3A3A74008DBB52 /* LaunchScreen.xib */,
				A3BE08231B3A3A73008DBB52 /* Supporting Files */,
			);
			path = readerQuick;
			sourceTree = "<group>";
		};
		A3BE08231B3A3A73008DBB52 /* Supporting Files */ = {
			isa = PBXGroup;
			children = (
				A3BE08241B3A3A74008DBB52 /* Info.plist */,
			);
			name = "Supporting Files";
			sourceTree = "<group>";
		};
		A3BE08381B3A3A74008DBB52 /* readerQuickTests */ = {
			isa = PBXGroup;
			children = (
				A3BE083B1B3A3A74008DBB52 /* readerQuickTests.swift */,
				A3BE08391B3A3A74008DBB52 /* Supporting Files */,
			);
			path = readerQuickTests;
			sourceTree = "<group>";
		};
		A3BE08391B3A3A74008DBB52 /* Supporting Files */ = {
			isa = PBXGroup;
			children = (
				A3BE083A1B3A3A74008DBB52 /* Info.plist */,
			);
			name = "Supporting Files";
			sourceTree = "<group>";
		};
/* End PBXGroup section */

/* Begin PBXNativeTarget section */
		A3BE081F1B3A3A73008DBB52 /* readerQuick */ = {
			isa = PBXNativeTarget;
			buildConfigurationList = A3BE083F1B3A3A74008DBB52 /* Build configuration list for PBXNativeTarget "readerQuick" */;
			buildPhases = (
				A3BE081C1B3A3A73008DBB52 /* Sources */,
				A3BE081D1B3A3A73008DBB52 /* Frameworks */,
				A3BE081E1B3A3A73008DBB52 /* Resources */,
			);
			buildRules = (
			);
			dependencies = (
			);
			name = readerQuick;
			productName = readerQuick;
			productReference = A3BE08201B3A3A73008DBB52 /* readerQuick.app */;
			productType = "com.apple.product-type.application";
		};
		A3BE08341B3A3A74008DBB52 /* readerQuickTests */ = {
			isa = PBXNativeTarget;
			buildConfigurationList = A3BE08421B3A3A74008DBB52 /* Build configuration list for PBXNativeTarget "readerQuickTests" */;
			buildPhases = (
				A3BE08311B3A3A74008DBB52 /* Sources */,
				A3BE08321B3A3A74008DBB52 /* Frameworks */,
				A3BE08331B3A3A74008DBB52 /* Resources */,
			);
			buildRules = (
			);
			dependencies = (
				A3BE08371B3A3A74008DBB52 /* PBXTargetDependency */,
			);
			name = readerQuickTests;
			productName = readerQuickTests;
			productReference = A3BE08351B3A3A74008DBB52 /* readerQuickTests.xctest */;
			productType = "com.apple.product-type.bundle.unit-test";
		};
/* End PBXNativeTarget section */

/* Begin PBXProject section */
		A3BE08181B3A3A73008DBB52 /* Project object */ = {
			isa = PBXProject;
			attributes = {
				LastUpgradeCheck = 0630;
				ORGANIZATIONNAME = "张岩松";
				TargetAttributes = {
					A3BE081F1B3A3A73008DBB52 = {
						CreatedOnToolsVersion = 6.3.2;
					};
					A3BE08341B3A3A74008DBB52 = {
						CreatedOnToolsVersion = 6.3.2;
						TestTargetID = A3BE081F1B3A3A73008DBB52;
					};
				};
			};
			buildConfigurationList = A3BE081B1B3A3A73008DBB52 /* Build configuration list for PBXProject "readerQuick" */;
			compatibilityVersion = "Xcode 3.2";
			developmentRegion = English;
			hasScannedForEncodings = 0;
			knownRegions = (
				en,
				Base,
			);
			mainGroup = A3BE08171B3A3A73008DBB52;
			productRefGroup = A3BE08211B3A3A73008DBB52 /* Products */;
			projectDirPath = "";
			projectRoot = "";
			targets = (
				A3BE081F1B3A3A73008DBB52 /* readerQuick */,
				A3BE08341B3A3A74008DBB52 /* readerQuickTests */,
			);
		};
/* End PBXProject section */

/* Begin PBXResourcesBuildPhase section */
		A3BE081E1B3A3A73008DBB52 /* Resources */ = {
			isa = PBXResourcesBuildPhase;
			buildActionMask = 2147483647;
			files = (
				A3BE082B1B3A3A74008DBB52 /* Main.storyboard in Resources */,
				A3BE08301B3A3A74008DBB52 /* LaunchScreen.xib in Resources */,
				A3BE082D1B3A3A74008DBB52 /* Images.xcassets in Resources */,
			);
			runOnlyForDeploymentPostprocessing = 0;
		};
		A3BE08331B3A3A74008DBB52 /* Resources */ = {
			isa = PBXResourcesBuildPhase;
			buildActionMask = 2147483647;
			files = (
			);
			runOnlyForDeploymentPostprocessing = 0;
		};
/* End PBXResourcesBuildPhase section */

/* Begin PBXSourcesBuildPhase section */
		A3BE081C1B3A3A73008DBB52 /* Sources */ = {
			isa = PBXSourcesBuildPhase;
			buildActionMask = 2147483647;
			files = (
				A3BE08281B3A3A74008DBB52 /* ViewController.swift in Sources */,
				A3BE08261B3A3A74008DBB52 /* AppDelegate.swift in Sources */,
			);
			runOnlyForDeploymentPostprocessing = 0;
		};
		A3BE08311B3A3A74008DBB52 /* Sources */ = {
			isa = PBXSourcesBuildPhase;
			buildActionMask = 2147483647;
			files = (
				A3BE083C1B3A3A74008DBB52 /* readerQuickTests.swift in Sources */,
			);
			runOnlyForDeploymentPostprocessing = 0;
		};
/* End PBXSourcesBuildPhase section */

/* Begin PBXTargetDependency section */
		A3BE08371B3A3A74008DBB52 /* PBXTargetDependency */ = {
			isa = PBXTargetDependency;
			target = A3BE081F1B3A3A73008DBB52 /* readerQuick */;
			targetProxy = A3BE08361B3A3A74008DBB52 /* PBXContainerItemProxy */;
		};
/* End PBXTargetDependency section */

/* Begin PBXVariantGroup section */
		A3BE08291B3A3A74008DBB52 /* Main.storyboard */ = {
			isa = PBXVariantGroup;
			children = (
				A3BE082A1B3A3A74008DBB52 /* Base */,
			);
			name = Main.storyboard;
			sourceTree = "<group>";
		};
		A3BE082E1B3A3A74008DBB52 /* LaunchScreen.xib */ = {
			isa = PBXVariantGroup;
			children = (
				A3BE082F1B3A3A74008DBB52 /* Base */,
			);
			name = LaunchScreen.xib;
			sourceTree = "<group>";
		};
/* End PBXVariantGroup section */

/* Begin XCBuildConfiguration section */
		A3BE083D1B3A3A74008DBB52 /* Debug */ = {
			isa = XCBuildConfiguration;
			buildSettings = {
				ALWAYS_SEARCH_USER_PATHS = NO;
				CLANG_CXX_LANGUAGE_STANDARD = "gnu++0x";
				CLANG_CXX_LIBRARY = "libc++";
				CLANG_ENABLE_MODULES = YES;
				CLANG_ENABLE_OBJC_ARC = YES;
				CLANG_WARN_BOOL_CONVERSION = YES;
				CLANG_WARN_CONSTANT_CONVERSION = YES;
				CLANG_WARN_DIRECT_OBJC_ISA_USAGE = YES_ERROR;
				CLANG_WARN_EMPTY_BODY = YES;
				CLANG_WARN_ENUM_CONVERSION = YES;
				CLANG_WARN_INT_CONVERSION = YES;
				CLANG_WARN_OBJC_ROOT_CLASS = YES_ERROR;
				CLANG_WARN_UNREACHABLE_CODE = YES;
				CLANG_WARN__DUPLICATE_METHOD_MATCH = YES;
				"CODE_SIGN_IDENTITY[sdk=iphoneos*]" = "iPhone Developer";
				COPY_PHASE_STRIP = NO;
				DEBUG_INFORMATION_FORMAT = "dwarf-with-dsym";
				ENABLE_STRICT_OBJC_MSGSEND = YES;
				GCC_C_LANGUAGE_STANDARD = gnu99;
				GCC_DYNAMIC_NO_PIC = NO;
				GCC_NO_COMMON_BLOCKS = YES;
				GCC_OPTIMIZATION_LEVEL = 0;
				GCC_PREPROCESSOR_DEFINITIONS = (
					"DEBUG=1",
					"$(inherited)",
				);
				GCC_SYMBOLS_PRIVATE_EXTERN = NO;
				GCC_WARN_64_TO_32_BIT_CONVERSION = YES;
				GCC_WARN_ABOUT_RETURN_TYPE = YES_ERROR;
				GCC_WARN_UNDECLARED_SELECTOR = YES;
				GCC_WARN_UNINITIALIZED_AUTOS = YES_AGGRESSIVE;
				GCC_WARN_UNUSED_FUNCTION = YES;
				GCC_WARN_UNUSED_VARIABLE = YES;
				IPHONEOS_DEPLOYMENT_TARGET = 8.3;
				MTL_ENABLE_DEBUG_INFO = YES;
				ONLY_ACTIVE_ARCH = YES;
				SDKROOT = iphoneos;
				SWIFT_OPTIMIZATION_LEVEL = "-Onone";
				TARGETED_DEVICE_FAMILY = "1,2";
			};
			name = Debug;
		};
		A3BE083E1B3A3A74008DBB52 /* Release */ = {
			isa = XCBuildConfiguration;
			buildSettings = {
				ALWAYS_SEARCH_USER_PATHS = NO;
				CLANG_CXX_LANGUAGE_STANDARD = "gnu++0x";
				CLANG_CXX_LIBRARY = "libc++";
				CLANG_ENABLE_MODULES = YES;
				CLANG_ENABLE_OBJC_ARC = YES;
				CLANG_WARN_BOOL_CONVERSION = YES;
				CLANG_WARN_CONSTANT_CONVERSION = YES;
				CLANG_WARN_DIRECT_OBJC_ISA_USAGE = YES_ERROR;
				CLANG_WARN_EMPTY_BODY = YES;
				CLANG_WARN_ENUM_CONVERSION = YES;
				CLANG_WARN_INT_CONVERSION = YES;
				CLANG_WARN_OBJC_ROOT_CLASS = YES_ERROR;
				CLANG_WARN_UNREACHABLE_CODE = YES;
				CLANG_WARN__DUPLICATE_METHOD_MATCH = YES;
				"CODE_SIGN_IDENTITY[sdk=iphoneos*]" = "iPhone Developer";
				COPY_PHASE_STRIP = NO;
				DEBUG_INFORMATION_FORMAT = "dwarf-with-dsym";
				ENABLE_NS_ASSERTIONS = NO;
				ENABLE_STRICT_OBJC_MSGSEND = YES;
				GCC_C_LANGUAGE_STANDARD = gnu99;
				GCC_NO_COMMON_BLOCKS = YES;
				GCC_WARN_64_TO_32_BIT_CONVERSION = YES;
				GCC_WARN_ABOUT_RETURN_TYPE = YES_ERROR;
				GCC_WARN_UNDECLARED_SELECTOR = YES;
				GCC_WARN_UNINITIALIZED_AUTOS = YES_AGGRESSIVE;
				GCC_WARN_UNUSED_FUNCTION = YES;
				GCC_WARN_UNUSED_VARIABLE = YES;
				IPHONEOS_DEPLOYMENT_TARGET = 8.3;
				MTL_ENABLE_DEBUG_INFO = NO;
				SDKROOT = iphoneos;
				TARGETED_DEVICE_FAMILY = "1,2";
				VALIDATE_PRODUCT = YES;
			};
			name = Release;
		};
		A3BE08401B3A3A74008DBB52 /* Debug */ = {
			isa = XCBuildConfiguration;
			buildSettings = {
				ASSETCATALOG_COMPILER_APPICON_NAME = AppIcon;
				INFOPLIST_FILE = readerQuick/Info.plist;
				LD_RUNPATH_SEARCH_PATHS = "$(inherited) @executable_path/Frameworks";
				PRODUCT_NAME = "$(TARGET_NAME)";
			};
			name = Debug;
		};
		A3BE08411B3A3A74008DBB52 /* Release */ = {
			isa = XCBuildConfiguration;
			buildSettings = {
				ASSETCATALOG_COMPILER_APPICON_NAME = AppIcon;
				INFOPLIST_FILE = readerQuick/Info.plist;
				LD_RUNPATH_SEARCH_PATHS = "$(inherited) @executable_path/Frameworks";
				PRODUCT_NAME = "$(TARGET_NAME)";
			};
			name = Release;
		};
		A3BE08431B3A3A74008DBB52 /* Debug */ = {
			isa = XCBuildConfiguration;
			buildSettings = {
				BUNDLE_LOADER = "$(TEST_HOST)";
				FRAMEWORK_SEARCH_PATHS = (
					"$(SDKROOT)/Developer/Library/Frameworks",
					"$(inherited)",
				);
				GCC_PREPROCESSOR_DEFINITIONS = (
					"DEBUG=1",
					"$(inherited)",
				);
				INFOPLIST_FILE = readerQuickTests/Info.plist;
				LD_RUNPATH_SEARCH_PATHS = "$(inherited) @executable_path/Frameworks @loader_path/Frameworks";
				PRODUCT_NAME = "$(TARGET_NAME)";
				TEST_HOST = "$(BUILT_PRODUCTS_DIR)/readerQuick.app/readerQuick";
			};
			name = Debug;
		};
		A3BE08441B3A3A74008DBB52 /* Release */ = {
			isa = XCBuildConfiguration;
			buildSettings = {
				BUNDLE_LOADER = "$(TEST_HOST)";
				FRAMEWORK_SEARCH_PATHS = (
					"$(SDKROOT)/Developer/Library/Frameworks",
					"$(inherited)",
				);
				INFOPLIST_FILE = readerQuickTests/Info.plist;
				LD_RUNPATH_SEARCH_PATHS = "$(inherited) @executable_path/Frameworks @loader_path/Frameworks";
				PRODUCT_NAME = "$(TARGET_NAME)";
				TEST_HOST = "$(BUILT_PRODUCTS_DIR)/readerQuick.app/readerQuick";
			};
			name = Release;
		};
/* End XCBuildConfiguration section */

/* Begin XCConfigurationList section */
		A3BE081B1B3A3A73008DBB52 /* Build configuration list for PBXProject "readerQuick" */ = {
			isa = XCConfigurationList;
			buildConfigurations = (
				A3BE083D1B3A3A74008DBB52 /* Debug */,
				A3BE083E1B3A3A74008DBB52 /* Release */,
			);
			defaultConfigurationIsVisible = 0;
			defaultConfigurationName = Release;
		};
		A3BE083F1B3A3A74008DBB52 /* Build configuration list for PBXNativeTarget "readerQuick" */ = {
			isa = XCConfigurationList;
			buildConfigurations = (
				A3BE08401B3A3A74008DBB52 /* Debug */,
				A3BE08411B3A3A74008DBB52 /* Release */,
			);
			defaultConfigurationIsVisible = 0;
		};
		A3BE08421B3A3A74008DBB52 /* Build configuration list for PBXNativeTarget "readerQuickTests" */ = {
			isa = XCConfigurationList;
			buildConfigurations = (
				A3BE08431B3A3A74008DBB52 /* Debug */,
				A3BE08441B3A3A74008DBB52 /* Release */,
			);
			defaultConfigurationIsVisible = 0;
		};
/* End XCConfigurationList section */
	};
	rootObject = A3BE08181B3A3A73008DBB52 /* Project object */;
}
